
Microsoft Visual Studio Solution File, Format Version 12.00
# Visual Studio Version 16
VisualStudioVersion = 16.0.31005.135
MinimumVisualStudioVersion = 10.0.40219.1
Project("{FAE04EC0-301F-11D3-BF4B-00C04F79EFBC}") = "CD-DVD-Maker", "CD-DVD-Maker.csproj", "{70FD44C4-7774-4094-9DEA-1EFC5776ACA5}"
EndProject
Global
	GlobalSection(SolutionConfigurationPlatforms) = preSolution
		Debug|Any CPU = Debug|Any CPU
		Release|Any CPU = Release|Any CPU
	EndGlobalSection
	GlobalSection(ProjectConfigurationPlatforms) = postSolution
		{70FD44C4-7774-4094-9DEA-1EFC5776ACA5}.Debug|Any CPU.ActiveCfg = Debug|Any CPU
		{70FD44C4-7774-4094-9DEA-1EFC5776ACA5}.Debug|Any CPU.Build.0 = Debug|Any CPU
		{70FD44C4-7774-4094-9DEA-1EFC5776ACA5}.Release|Any CPU.ActiveCfg = Release|Any CPU
		{70FD44C4-7774-4094-9DEA-1EFC5776ACA5}.Release|Any CPU.Build.0 = Release|Any CPU
	EndGlobalSection
	GlobalSection(SolutionProperties) = preSolution
		HideSolutionNode = FALSE
	EndGlobalSection
	GlobalSection(ExtensibilityGlobals) = postSolution
		SolutionGuid = {B58843BE-8B1B-47DE-A914-9881342F18C1}
	EndGlobalSection
EndGlobal
